
Microsoft Visual Studio Solution File, Format Version 12.00
# Visual Studio Version 17
VisualStudioVersion = 17.11.35208.52
MinimumVisualStudioVersion = 10.0.40219.1
Project("{FAE04EC0-301F-11D3-BF4B-00C04F79EFBC}") = "Calculator", "Calculator\Calculator.csproj", "{1BB7EDC5-4AE4-4847-B4B8-62F7A8213B47}"
EndProject
Global
	GlobalSection(SolutionConfigurationPlatforms) = preSolution
		Debug|Any CPU = Debug|Any CPU
		Release|Any CPU = Release|Any CPU
	EndGlobalSection
	GlobalSection(ProjectConfigurationPlatforms) = postSolution
		{1BB7EDC5-4AE4-4847-B4B8-62F7A8213B47}.Debug|Any CPU.ActiveCfg = Debug|Any CPU
		{1BB7EDC5-4AE4-4847-B4B8-62F7A8213B47}.Debug|Any CPU.Build.0 = Debug|Any CPU
		{1BB7EDC5-4AE4-4847-B4B8-62F7A8213B47}.Release|Any CPU.ActiveCfg = Release|Any CPU
		{1BB7EDC5-4AE4-4847-B4B8-62F7A8213B47}.Release|Any CPU.Build.0 = Release|Any CPU
	EndGlobalSection
	GlobalSection(SolutionProperties) = preSolution
		HideSolutionNode = FALSE
	EndGlobalSection
	GlobalSection(ExtensibilityGlobals) = postSolution
		SolutionGuid = {14FFAA05-B2C2-4DCC-AB49-265373722424}
	EndGlobalSection
EndGlobal
